
Microsoft Visual Studio Solution File, Format Version 12.00
# Visual Studio Version 16
VisualStudioVersion = 16.0.29230.47
MinimumVisualStudioVersion = 10.0.40219.1
Project("{8BC9CEB8-8B4A-11D0-8D11-00A0C91BC942}") = "sunwait", "sunwait.vcxproj", "{FA29C146-4135-460F-8445-5F7CFD570B45}"
EndProject
Project("{8BC9CEB8-8B4A-11D0-8D11-00A0C91BC942}") = "SunwaitPi", "SunwaitPi.vcxproj", "{ED0A918A-2232-4894-99CB-298B5C5041F6}"
EndProject
Global
	GlobalSection(SolutionConfigurationPlatforms) = preSolution
		Debug|ARM = Debug|ARM
		Debug|ARM64 = Debug|ARM64
		Debug|x64 = Debug|x64
		Debug|x86 = Debug|x86
		Release|ARM = Release|ARM
		Release|ARM64 = Release|ARM64
		Release|x64 = Release|x64
		Release|x86 = Release|x86
	EndGlobalSection
	GlobalSection(ProjectConfigurationPlatforms) = postSolution
		{FA29C146-4135-460F-8445-5F7CFD570B45}.Debug|ARM.ActiveCfg = Debug|Win32
		{FA29C146-4135-460F-8445-5F7CFD570B45}.Debug|ARM64.ActiveCfg = Debug|Win32
		{FA29C146-4135-460F-8445-5F7CFD570B45}.Debug|x64.ActiveCfg = Debug|x64
		{FA29C146-4135-460F-8445-5F7CFD570B45}.Debug|x64.Build.0 = Debug|x64
		{FA29C146-4135-460F-8445-5F7CFD570B45}.Debug|x86.ActiveCfg = Debug|Win32
		{FA29C146-4135-460F-8445-5F7CFD570B45}.Debug|x86.Build.0 = Debug|Win32
		{FA29C146-4135-460F-8445-5F7CFD570B45}.Release|ARM.ActiveCfg = Release|Win32
		{FA29C146-4135-460F-8445-5F7CFD570B45}.Release|ARM64.ActiveCfg = Release|Win32
		{FA29C146-4135-460F-8445-5F7CFD570B45}.Release|x64.ActiveCfg = Release|x64
		{FA29C146-4135-460F-8445-5F7CFD570B45}.Release|x64.Build.0 = Release|x64
		{FA29C146-4135-460F-8445-5F7CFD570B45}.Release|x86.ActiveCfg = Release|Win32
		{FA29C146-4135-460F-8445-5F7CFD570B45}.Release|x86.Build.0 = Release|Win32
		{ED0A918A-2232-4894-99CB-298B5C5041F6}.Debug|ARM.ActiveCfg = Debug|ARM
		{ED0A918A-2232-4894-99CB-298B5C5041F6}.Debug|ARM.Build.0 = Debug|ARM
		{ED0A918A-2232-4894-99CB-298B5C5041F6}.Debug|ARM.Deploy.0 = Debug|ARM
		{ED0A918A-2232-4894-99CB-298B5C5041F6}.Debug|ARM64.ActiveCfg = Debug|ARM64
		{ED0A918A-2232-4894-99CB-298B5C5041F6}.Debug|ARM64.Build.0 = Debug|ARM64
		{ED0A918A-2232-4894-99CB-298B5C5041F6}.Debug|ARM64.Deploy.0 = Debug|ARM64
		{ED0A918A-2232-4894-99CB-298B5C5041F6}.Debug|x64.ActiveCfg = Debug|ARM
		{ED0A918A-2232-4894-99CB-298B5C5041F6}.Debug|x86.ActiveCfg = Debug|ARM
		{ED0A918A-2232-4894-99CB-298B5C5041F6}.Release|ARM.ActiveCfg = Release|ARM
		{ED0A918A-2232-4894-99CB-298B5C5041F6}.Release|ARM.Build.0 = Release|ARM
		{ED0A918A-2232-4894-99CB-298B5C5041F6}.Release|ARM.Deploy.0 = Release|ARM
		{ED0A918A-2232-4894-99CB-298B5C5041F6}.Release|ARM64.ActiveCfg = Release|ARM64
		{ED0A918A-2232-4894-99CB-298B5C5041F6}.Release|ARM64.Build.0 = Release|ARM64
		{ED0A918A-2232-4894-99CB-298B5C5041F6}.Release|ARM64.Deploy.0 = Release|ARM64
		{ED0A918A-2232-4894-99CB-298B5C5041F6}.Release|x64.ActiveCfg = Release|ARM
		{ED0A918A-2232-4894-99CB-298B5C5041F6}.Release|x86.ActiveCfg = Release|ARM
	EndGlobalSection
	GlobalSection(SolutionProperties) = preSolution
		HideSolutionNode = FALSE
	EndGlobalSection
	GlobalSection(ExtensibilityGlobals) = postSolution
		SolutionGuid = {EA55FCD3-DA38-4E6A-9E2F-E95B88769266}
	EndGlobalSection
EndGlobal
